
Microsoft Visual Studio Solution File, Format Version 12.00
# Visual Studio Version 16
VisualStudioVersion = 16.0.31129.286
MinimumVisualStudioVersion = 10.0.40219.1
Project("{FAE04EC0-301F-11D3-BF4B-00C04F79EFBC}") = "WpfApp Calculator", "WpfApp Calculator\WpfApp Calculator.csproj", "{9EB7A418-53DE-46CF-A358-76C91B1B0407}"
EndProject
Global
	GlobalSection(SolutionConfigurationPlatforms) = preSolution
		Debug|Any CPU = Debug|Any CPU
		Release|Any CPU = Release|Any CPU
	EndGlobalSection
	GlobalSection(ProjectConfigurationPlatforms) = postSolution
		{9EB7A418-53DE-46CF-A358-76C91B1B0407}.Debug|Any CPU.ActiveCfg = Debug|Any CPU
		{9EB7A418-53DE-46CF-A358-76C91B1B0407}.Debug|Any CPU.Build.0 = Debug|Any CPU
		{9EB7A418-53DE-46CF-A358-76C91B1B0407}.Release|Any CPU.ActiveCfg = Release|Any CPU
		{9EB7A418-53DE-46CF-A358-76C91B1B0407}.Release|Any CPU.Build.0 = Release|Any CPU
	EndGlobalSection
	GlobalSection(SolutionProperties) = preSolution
		HideSolutionNode = FALSE
	EndGlobalSection
	GlobalSection(ExtensibilityGlobals) = postSolution
		SolutionGuid = {D5102FC6-87D5-44D4-85E7-C08DEBD085BA}
	EndGlobalSection
EndGlobal
